
Microsoft Visual Studio Solution File, Format Version 12.00
# Visual Studio Version 17
VisualStudioVersion = 17.4.33213.308
MinimumVisualStudioVersion = 10.0.40219.1
Project("{FAE04EC0-301F-11D3-BF4B-00C04F79EFBC}") = "TicTacToe", "TicTacToe\TicTacToe.csproj", "{BFCF0018-2505-420B-9848-F9BCAF68D6F8}"
EndProject
Global
	GlobalSection(SolutionConfigurationPlatforms) = preSolution
		Debug|Any CPU = Debug|Any CPU
		Release|Any CPU = Release|Any CPU
	EndGlobalSection
	GlobalSection(ProjectConfigurationPlatforms) = postSolution
		{BFCF0018-2505-420B-9848-F9BCAF68D6F8}.Debug|Any CPU.ActiveCfg = Debug|Any CPU
		{BFCF0018-2505-420B-9848-F9BCAF68D6F8}.Debug|Any CPU.Build.0 = Debug|Any CPU
		{BFCF0018-2505-420B-9848-F9BCAF68D6F8}.Release|Any CPU.ActiveCfg = Release|Any CPU
		{BFCF0018-2505-420B-9848-F9BCAF68D6F8}.Release|Any CPU.Build.0 = Release|Any CPU
	EndGlobalSection
	GlobalSection(SolutionProperties) = preSolution
		HideSolutionNode = FALSE
	EndGlobalSection
	GlobalSection(ExtensibilityGlobals) = postSolution
		SolutionGuid = {EF6BF34B-E4F8-4C38-BAAB-B5BEDB087DEE}
	EndGlobalSection
EndGlobal
